{
  "pins" : [
    {
      "identity" : "anycodable",
      "kind" : "remoteSourceControl",
      "location" : "https://github.com/Flight-School/AnyCodable",
      "state" : {
        "revision" : "862808b2070cd908cb04f9aafe7de83d35f81b05",
        "version" : "0.6.7"
      }
    },
    {
      "identity" : "concurrencyplus",
      "kind" : "remoteSourceControl",
      "location" : "https://github.com/ChimeHQ/ConcurrencyPlus",
      "state" : {
        "branch" : "main",
        "revision" : "8dc56499412a373d617d50d059116bccf44b9874"
      }
    },
    {
      "identity" : "fseventswrapper",
      "kind" : "remoteSourceControl",
      "location" : "https://github.com/Frizlab/FSEventsWrapper",
      "state" : {
        "revision" : "e0c59a2ce2775e5f6642da6d19207445f10112d0",
        "version" : "1.0.2"
      }
    },
    {
      "identity" : "glob",
      "kind" : "remoteSourceControl",
      "location" : "https://github.com/Bouke/Glob",
      "state" : {
        "revision" : "deda6e163d2ff2a8d7e138e2c3326dbd71157faf",
        "version" : "1.0.5"
      }
    },
    {
      "identity" : "jsonrpc",
      "kind" : "remoteSourceControl",
      "location" : "https://github.com/ChimeHQ/JSONRPC",
      "state" : {
        "revision" : "afc20d00e38674774f84edc325424a32ae3b9e01",
        "version" : "0.7.0"
      }
    },
    {
      "identity" : "languageclient",
      "kind" : "remoteSourceControl",
      "location" : "https://github.com/ChimeHQ/LanguageClient",
      "state" : {
        "revision" : "92beeecd0bb783da52227839ba6c55e43fc866ec",
        "version" : "0.5.1"
      }
    },
    {
      "identity" : "languageserverprotocol",
      "kind" : "remoteSourceControl",
      "location" : "https://github.com/ChimeHQ/LanguageServerProtocol",
      "state" : {
        "revision" : "192bcfdcf7a013da49c6fa1b95de66254ce7c614",
        "version" : "0.9.1"
      }
    },
    {
      "identity" : "processenv",
      "kind" : "remoteSourceControl",
      "location" : "https://github.com/ChimeHQ/ProcessEnv",
      "state" : {
        "revision" : "29487b6581bb785c372c611c943541ef4309d051",
        "version" : "0.3.1"
      }
    },
    {
      "identity" : "processservice",
      "kind" : "remoteSourceControl",
      "location" : "https://github.com/ChimeHQ/ProcessService",
      "state" : {
        "revision" : "369fb0379983d3b43c7d7ad62c4e91ee020e347c",
        "version" : "0.2.6"
      }
    },
    {
      "identity" : "swiftlintplugin",
      "kind" : "remoteSourceControl",
      "location" : "https://github.com/lukepistrol/SwiftLintPlugin",
      "state" : {
        "revision" : "d3ec7fb242ebe1d8e23bf17e58a1e27d43125994",
        "version" : "0.2.6"
      }
    }
  ],
  "version" : 2
}
